hash: 46181097385950c027858017b3ec386cf8f714170557051019c7f823107ccdaa
updated: 2016-07-28T11:11:48.696385271-04:00
imports:
- name: github.com/augustoroman/hexdump
  version: c4c37ef40312e96baebde86938d7b35c0209f5ab
- name: github.com/augustoroman/multierror
  version: e3c15c2c465c57327077c5d324b7048942ca4691
- name: github.com/augustoroman/onkyo-remote
  version: 2d0264fcd8ef10a00565b4a292badb4faf2b0c2d
- name: github.com/ghetzel/cli
  version: 4733699ce30faa633c4db36ebfbe427963593d7d
- name: github.com/gobs/cmd
  version: 8409d85145a6f72aca484ecd9a047d76674d11cd
- name: github.com/op/go-logging
  version: 970db520ece77730c7e4724c61121037378659d9
devImports: []
